
Microsoft Visual Studio Solution File, Format Version 12.00
# Visual Studio Version 17
VisualStudioVersion = 17.9.34607.119
MinimumVisualStudioVersion = 10.0.40219.1
Project("{FAE04EC0-301F-11D3-BF4B-00C04F79EFBC}") = "Fordonsbesiktning", "Fordonsbesiktning.csproj", "{5B04A28D-44A2-41F0-A85C-EA2E023BAFAA}"
EndProject
Global
	GlobalSection(SolutionConfigurationPlatforms) = preSolution
		Debug|Any CPU = Debug|Any CPU
		Release|Any CPU = Release|Any CPU
	EndGlobalSection
	GlobalSection(ProjectConfigurationPlatforms) = postSolution
		{5B04A28D-44A2-41F0-A85C-EA2E023BAFAA}.Debug|Any CPU.ActiveCfg = Debug|Any CPU
		{5B04A28D-44A2-41F0-A85C-EA2E023BAFAA}.Debug|Any CPU.Build.0 = Debug|Any CPU
		{5B04A28D-44A2-41F0-A85C-EA2E023BAFAA}.Release|Any CPU.ActiveCfg = Release|Any CPU
		{5B04A28D-44A2-41F0-A85C-EA2E023BAFAA}.Release|Any CPU.Build.0 = Release|Any CPU
	EndGlobalSection
	GlobalSection(SolutionProperties) = preSolution
		HideSolutionNode = FALSE
	EndGlobalSection
	GlobalSection(ExtensibilityGlobals) = postSolution
		SolutionGuid = {29D9788E-252F-4108-8DF3-F075C60B511D}
	EndGlobalSection
EndGlobal
